
Microsoft Visual Studio Solution File, Format Version 12.00
# Visual Studio 2012
Project("{FAE04EC0-301F-11D3-BF4B-00C04F79EFBC}") = "VTAdmin", "VTAdmin\VTAdmin.csproj", "{DDD0F960-0A0F-4540-854B-2F06D72FADBE}"
EndProject
Global
	GlobalSection(SolutionConfigurationPlatforms) = preSolution
		Debug|Any CPU = Debug|Any CPU
		Release|Any CPU = Release|Any CPU
	EndGlobalSection
	GlobalSection(ProjectConfigurationPlatforms) = postSolution
		{DDD0F960-0A0F-4540-854B-2F06D72FADBE}.Debug|Any CPU.ActiveCfg = Debug|Any CPU
		{DDD0F960-0A0F-4540-854B-2F06D72FADBE}.Debug|Any CPU.Build.0 = Debug|Any CPU
		{DDD0F960-0A0F-4540-854B-2F06D72FADBE}.Release|Any CPU.ActiveCfg = Release|Any CPU
		{DDD0F960-0A0F-4540-854B-2F06D72FADBE}.Release|Any CPU.Build.0 = Release|Any CPU
	EndGlobalSection
	GlobalSection(SolutionProperties) = preSolution
		HideSolutionNode = FALSE
	EndGlobalSection
EndGlobal
